
Microsoft Visual Studio Solution File, Format Version 12.00
# Visual Studio Version 17
VisualStudioVersion = 17.8.34322.80
MinimumVisualStudioVersion = 10.0.40219.1
Project("{FAE04EC0-301F-11D3-BF4B-00C04F79EFBC}") = "WpfAppTemperatureControl", "WpfAppTemperatureControl\WpfAppTemperatureControl.csproj", "{06524F3B-0543-4A78-A20B-EC3023EB59FF}"
EndProject
Global
	GlobalSection(SolutionConfigurationPlatforms) = preSolution
		Debug|Any CPU = Debug|Any CPU
		Release|Any CPU = Release|Any CPU
	EndGlobalSection
	GlobalSection(ProjectConfigurationPlatforms) = postSolution
		{06524F3B-0543-4A78-A20B-EC3023EB59FF}.Debug|Any CPU.ActiveCfg = Debug|Any CPU
		{06524F3B-0543-4A78-A20B-EC3023EB59FF}.Debug|Any CPU.Build.0 = Debug|Any CPU
		{06524F3B-0543-4A78-A20B-EC3023EB59FF}.Release|Any CPU.ActiveCfg = Release|Any CPU
		{06524F3B-0543-4A78-A20B-EC3023EB59FF}.Release|Any CPU.Build.0 = Release|Any CPU
	EndGlobalSection
	GlobalSection(SolutionProperties) = preSolution
		HideSolutionNode = FALSE
	EndGlobalSection
	GlobalSection(ExtensibilityGlobals) = postSolution
		SolutionGuid = {38898AEA-3F1C-4F8D-BCA6-2424E1ACDDF1}
	EndGlobalSection
EndGlobal
